{
  "originHash" : "4f88e710765eee5d5789ac67b7080e5d9bfdca2b30f2f0856c123e0844a96275",
  "pins" : [
    {
      "identity" : "swiftybeaver",
      "kind" : "remoteSourceControl",
      "location" : "https://github.com/SwiftyBeaver/SwiftyBeaver.git",
      "state" : {
        "revision" : "1ae1f8fe06ce9e3bd84d1e821dcca5054dc6fb3c",
        "version" : "2.1.0"
      }
    }
  ],
  "version" : 3
}
