{
  "originHash" : "4112e7c8d50074fc33d90da49b40490703026ee928b1cacc1e329ce929ec14fa",
  "pins" : [
    {
      "identity" : "highlight",
      "kind" : "remoteSourceControl",
      "location" : "https://github.com/nkristek/Highlight.git",
      "state" : {
        "branch" : "master",
        "revision" : "8e0908cb4b88f629fd8041b361f081ec8486c056"
      }
    }
  ],
  "version" : 3
}
